
Microsoft Visual Studio Solution File, Format Version 12.00
# Visual Studio Version 16
VisualStudioVersion = 16.0.31410.357
MinimumVisualStudioVersion = 10.0.40219.1
Project("{FAE04EC0-301F-11D3-BF4B-00C04F79EFBC}") = "eAgenda.ConsoleApp", "ControleTarefas.ConsoleApp\eAgenda.ConsoleApp.csproj", "{09BFD45B-CDA4-4A2E-A401-F1F2BA77F661}"
EndProject
Project("{FAE04EC0-301F-11D3-BF4B-00C04F79EFBC}") = "eAgenda.Tests", "ControleTarefas.Tests\eAgenda.Tests.csproj", "{9EF9C15A-FE96-4FCE-B5E0-1C7B64730D83}"
EndProject
Project("{00D1A9C2-B5F0-4AF3-8072-F6C62B433612}") = "eAgenda.DB", "ControleTarefas.ProjetoDB\eAgenda.DB.sqlproj", "{7A2CA5CD-4282-4E5F-B7C2-1DFC36CFFCFF}"
EndProject
Project("{FAE04EC0-301F-11D3-BF4B-00C04F79EFBC}") = "eAgenda.Dominio", "eAgenda.Dominio\eAgenda.Dominio.csproj", "{77C8F04D-C4F5-4E06-9ADE-A98DA7E07F51}"
EndProject
Project("{FAE04EC0-301F-11D3-BF4B-00C04F79EFBC}") = "eAgenda.Controladores", "eAgenda.Controladores\eAgenda.Controladores.csproj", "{78A6E310-CE19-4E0A-AD9B-D6703150EA51}"
EndProject
Project("{2150E333-8FDC-42A3-9474-1A3956D46DE8}") = "src", "src", "{B1A132A2-1BFA-49F1-B758-BF9E5659DD22}"
EndProject
Project("{2150E333-8FDC-42A3-9474-1A3956D46DE8}") = "tests", "tests", "{9F188BD6-7C75-4710-A910-9256685D2790}"
EndProject
Global
	GlobalSection(SolutionConfigurationPlatforms) = preSolution
		Debug|Any CPU = Debug|Any CPU
		Debug|ARM = Debug|ARM
		Debug|ARM64 = Debug|ARM64
		Debug|x64 = Debug|x64
		Debug|x86 = Debug|x86
		Release|Any CPU = Release|Any CPU
		Release|ARM = Release|ARM
		Release|ARM64 = Release|ARM64
		Release|x64 = Release|x64
		Release|x86 = Release|x86
	EndGlobalSection
	GlobalSection(ProjectConfigurationPlatforms) = postSolution
		{09BFD45B-CDA4-4A2E-A401-F1F2BA77F661}.Debug|Any CPU.ActiveCfg = Debug|Any CPU
		{09BFD45B-CDA4-4A2E-A401-F1F2BA77F661}.Debug|Any CPU.Build.0 = Debug|Any CPU
		{09BFD45B-CDA4-4A2E-A401-F1F2BA77F661}.Debug|ARM.ActiveCfg = Debug|Any CPU
		{09BFD45B-CDA4-4A2E-A401-F1F2BA77F661}.Debug|ARM.Build.0 = Debug|Any CPU
		{09BFD45B-CDA4-4A2E-A401-F1F2BA77F661}.Debug|ARM64.ActiveCfg = Debug|Any CPU
		{09BFD45B-CDA4-4A2E-A401-F1F2BA77F661}.Debug|ARM64.Build.0 = Debug|Any CPU
		{09BFD45B-CDA4-4A2E-A401-F1F2BA77F661}.Debug|x64.ActiveCfg = Debug|Any CPU
		{09BFD45B-CDA4-4A2E-A401-F1F2BA77F661}.Debug|x64.Build.0 = Debug|Any CPU
		{09BFD45B-CDA4-4A2E-A401-F1F2BA77F661}.Debug|x86.ActiveCfg = Debug|Any CPU
		{09BFD45B-CDA4-4A2E-A401-F1F2BA77F661}.Debug|x86.Build.0 = Debug|Any CPU
		{09BFD45B-CDA4-4A2E-A401-F1F2BA77F661}.Release|Any CPU.ActiveCfg = Release|Any CPU
		{09BFD45B-CDA4-4A2E-A401-F1F2BA77F661}.Release|Any CPU.Build.0 = Release|Any CPU
		{09BFD45B-CDA4-4A2E-A401-F1F2BA77F661}.Release|ARM.ActiveCfg = Release|Any CPU
		{09BFD45B-CDA4-4A2E-A401-F1F2BA77F661}.Release|ARM.Build.0 = Release|Any CPU
		{09BFD45B-CDA4-4A2E-A401-F1F2BA77F661}.Release|ARM64.ActiveCfg = Release|Any CPU
		{09BFD45B-CDA4-4A2E-A401-F1F2BA77F661}.Release|ARM64.Build.0 = Release|Any CPU
		{09BFD45B-CDA4-4A2E-A401-F1F2BA77F661}.Release|x64.ActiveCfg = Release|Any CPU
		{09BFD45B-CDA4-4A2E-A401-F1F2BA77F661}.Release|x64.Build.0 = Release|Any CPU
		{09BFD45B-CDA4-4A2E-A401-F1F2BA77F661}.Release|x86.ActiveCfg = Release|Any CPU
		{09BFD45B-CDA4-4A2E-A401-F1F2BA77F661}.Release|x86.Build.0 = Release|Any CPU
		{9EF9C15A-FE96-4FCE-B5E0-1C7B64730D83}.Debug|Any CPU.ActiveCfg = Debug|Any CPU
		{9EF9C15A-FE96-4FCE-B5E0-1C7B64730D83}.Debug|Any CPU.Build.0 = Debug|Any CPU
		{9EF9C15A-FE96-4FCE-B5E0-1C7B64730D83}.Debug|ARM.ActiveCfg = Debug|Any CPU
		{9EF9C15A-FE96-4FCE-B5E0-1C7B64730D83}.Debug|ARM.Build.0 = Debug|Any CPU
		{9EF9C15A-FE96-4FCE-B5E0-1C7B64730D83}.Debug|ARM64.ActiveCfg = Debug|Any CPU
		{9EF9C15A-FE96-4FCE-B5E0-1C7B64730D83}.Debug|ARM64.Build.0 = Debug|Any CPU
		{9EF9C15A-FE96-4FCE-B5E0-1C7B64730D83}.Debug|x64.ActiveCfg = Debug|Any CPU
		{9EF9C15A-FE96-4FCE-B5E0-1C7B64730D83}.Debug|x64.Build.0 = Debug|Any CPU
		{9EF9C15A-FE96-4FCE-B5E0-1C7B64730D83}.Debug|x86.ActiveCfg = Debug|Any CPU
		{9EF9C15A-FE96-4FCE-B5E0-1C7B64730D83}.Debug|x86.Build.0 = Debug|Any CPU
		{9EF9C15A-FE96-4FCE-B5E0-1C7B64730D83}.Release|Any CPU.ActiveCfg = Release|Any CPU
		{9EF9C15A-FE96-4FCE-B5E0-1C7B64730D83}.Release|Any CPU.Build.0 = Release|Any CPU
		{9EF9C15A-FE96-4FCE-B5E0-1C7B64730D83}.Release|ARM.ActiveCfg = Release|Any CPU
		{9EF9C15A-FE96-4FCE-B5E0-1C7B64730D83}.Release|ARM.Build.0 = Release|Any CPU
		{9EF9C15A-FE96-4FCE-B5E0-1C7B64730D83}.Release|ARM64.ActiveCfg = Release|Any CPU
		{9EF9C15A-FE96-4FCE-B5E0-1C7B64730D83}.Release|ARM64.Build.0 = Release|Any CPU
		{9EF9C15A-FE96-4FCE-B5E0-1C7B64730D83}.Release|x64.ActiveCfg = Release|Any CPU
		{9EF9C15A-FE96-4FCE-B5E0-1C7B64730D83}.Release|x64.Build.0 = Release|Any CPU
		{9EF9C15A-FE96-4FCE-B5E0-1C7B64730D83}.Release|x86.ActiveCfg = Release|Any CPU
		{9EF9C15A-FE96-4FCE-B5E0-1C7B64730D83}.Release|x86.Build.0 = Release|Any CPU
		{7A2CA5CD-4282-4E5F-B7C2-1DFC36CFFCFF}.Debug|Any CPU.ActiveCfg = Debug|Any CPU
		{7A2CA5CD-4282-4E5F-B7C2-1DFC36CFFCFF}.Debug|Any CPU.Build.0 = Debug|Any CPU
		{7A2CA5CD-4282-4E5F-B7C2-1DFC36CFFCFF}.Debug|Any CPU.Deploy.0 = Debug|Any CPU
		{7A2CA5CD-4282-4E5F-B7C2-1DFC36CFFCFF}.Debug|ARM.ActiveCfg = Debug|Any CPU
		{7A2CA5CD-4282-4E5F-B7C2-1DFC36CFFCFF}.Debug|ARM.Build.0 = Debug|Any CPU
		{7A2CA5CD-4282-4E5F-B7C2-1DFC36CFFCFF}.Debug|ARM.Deploy.0 = Debug|Any CPU
		{7A2CA5CD-4282-4E5F-B7C2-1DFC36CFFCFF}.Debug|ARM64.ActiveCfg = Debug|Any CPU
		{7A2CA5CD-4282-4E5F-B7C2-1DFC36CFFCFF}.Debug|ARM64.Build.0 = Debug|Any CPU
		{7A2CA5CD-4282-4E5F-B7C2-1DFC36CFFCFF}.Debug|ARM64.Deploy.0 = Debug|Any CPU
		{7A2CA5CD-4282-4E5F-B7C2-1DFC36CFFCFF}.Debug|x64.ActiveCfg = Debug|Any CPU
		{7A2CA5CD-4282-4E5F-B7C2-1DFC36CFFCFF}.Debug|x64.Build.0 = Debug|Any CPU
		{7A2CA5CD-4282-4E5F-B7C2-1DFC36CFFCFF}.Debug|x64.Deploy.0 = Debug|Any CPU
		{7A2CA5CD-4282-4E5F-B7C2-1DFC36CFFCFF}.Debug|x86.ActiveCfg = Debug|Any CPU
		{7A2CA5CD-4282-4E5F-B7C2-1DFC36CFFCFF}.Debug|x86.Build.0 = Debug|Any CPU
		{7A2CA5CD-4282-4E5F-B7C2-1DFC36CFFCFF}.Debug|x86.Deploy.0 = Debug|Any CPU
		{7A2CA5CD-4282-4E5F-B7C2-1DFC36CFFCFF}.Release|Any CPU.ActiveCfg = Release|Any CPU
		{7A2CA5CD-4282-4E5F-B7C2-1DFC36CFFCFF}.Release|Any CPU.Build.0 = Release|Any CPU
		{7A2CA5CD-4282-4E5F-B7C2-1DFC36CFFCFF}.Release|Any CPU.Deploy.0 = Release|Any CPU
		{7A2CA5CD-4282-4E5F-B7C2-1DFC36CFFCFF}.Release|ARM.ActiveCfg = Release|Any CPU
		{7A2CA5CD-4282-4E5F-B7C2-1DFC36CFFCFF}.Release|ARM.Build.0 = Release|Any CPU
		{7A2CA5CD-4282-4E5F-B7C2-1DFC36CFFCFF}.Release|ARM.Deploy.0 = Release|Any CPU
		{7A2CA5CD-4282-4E5F-B7C2-1DFC36CFFCFF}.Release|ARM64.ActiveCfg = Release|Any CPU
		{7A2CA5CD-4282-4E5F-B7C2-1DFC36CFFCFF}.Release|ARM64.Build.0 = Release|Any CPU
		{7A2CA5CD-4282-4E5F-B7C2-1DFC36CFFCFF}.Release|ARM64.Deploy.0 = Release|Any CPU
		{7A2CA5CD-4282-4E5F-B7C2-1DFC36CFFCFF}.Release|x64.ActiveCfg = Release|Any CPU
		{7A2CA5CD-4282-4E5F-B7C2-1DFC36CFFCFF}.Release|x64.Build.0 = Release|Any CPU
		{7A2CA5CD-4282-4E5F-B7C2-1DFC36CFFCFF}.Release|x64.Deploy.0 = Release|Any CPU
		{7A2CA5CD-4282-4E5F-B7C2-1DFC36CFFCFF}.Release|x86.ActiveCfg = Release|Any CPU
		{7A2CA5CD-4282-4E5F-B7C2-1DFC36CFFCFF}.Release|x86.Build.0 = Release|Any CPU
		{7A2CA5CD-4282-4E5F-B7C2-1DFC36CFFCFF}.Release|x86.Deploy.0 = Release|Any CPU
		{77C8F04D-C4F5-4E06-9ADE-A98DA7E07F51}.Debug|Any CPU.ActiveCfg = Debug|Any CPU
		{77C8F04D-C4F5-4E06-9ADE-A98DA7E07F51}.Debug|Any CPU.Build.0 = Debug|Any CPU
		{77C8F04D-C4F5-4E06-9ADE-A98DA7E07F51}.Debug|ARM.ActiveCfg = Debug|Any CPU
		{77C8F04D-C4F5-4E06-9ADE-A98DA7E07F51}.Debug|ARM.Build.0 = Debug|Any CPU
		{77C8F04D-C4F5-4E06-9ADE-A98DA7E07F51}.Debug|ARM64.ActiveCfg = Debug|Any CPU
		{77C8F04D-C4F5-4E06-9ADE-A98DA7E07F51}.Debug|ARM64.Build.0 = Debug|Any CPU
		{77C8F04D-C4F5-4E06-9ADE-A98DA7E07F51}.Debug|x64.ActiveCfg = Debug|Any CPU
		{77C8F04D-C4F5-4E06-9ADE-A98DA7E07F51}.Debug|x64.Build.0 = Debug|Any CPU
		{77C8F04D-C4F5-4E06-9ADE-A98DA7E07F51}.Debug|x86.ActiveCfg = Debug|Any CPU
		{77C8F04D-C4F5-4E06-9ADE-A98DA7E07F51}.Debug|x86.Build.0 = Debug|Any CPU
		{77C8F04D-C4F5-4E06-9ADE-A98DA7E07F51}.Release|Any CPU.ActiveCfg = Release|Any CPU
		{77C8F04D-C4F5-4E06-9ADE-A98DA7E07F51}.Release|Any CPU.Build.0 = Release|Any CPU
		{77C8F04D-C4F5-4E06-9ADE-A98DA7E07F51}.Release|ARM.ActiveCfg = Release|Any CPU
		{77C8F04D-C4F5-4E06-9ADE-A98DA7E07F51}.Release|ARM.Build.0 = Release|Any CPU
		{77C8F04D-C4F5-4E06-9ADE-A98DA7E07F51}.Release|ARM64.ActiveCfg = Release|Any CPU
		{77C8F04D-C4F5-4E06-9ADE-A98DA7E07F51}.Release|ARM64.Build.0 = Release|Any CPU
		{77C8F04D-C4F5-4E06-9ADE-A98DA7E07F51}.Release|x64.ActiveCfg = Release|Any CPU
		{77C8F04D-C4F5-4E06-9ADE-A98DA7E07F51}.Release|x64.Build.0 = Release|Any CPU
		{77C8F04D-C4F5-4E06-9ADE-A98DA7E07F51}.Release|x86.ActiveCfg = Release|Any CPU
		{77C8F04D-C4F5-4E06-9ADE-A98DA7E07F51}.Release|x86.Build.0 = Release|Any CPU
		{78A6E310-CE19-4E0A-AD9B-D6703150EA51}.Debug|Any CPU.ActiveCfg = Debug|Any CPU
		{78A6E310-CE19-4E0A-AD9B-D6703150EA51}.Debug|Any CPU.Build.0 = Debug|Any CPU
		{78A6E310-CE19-4E0A-AD9B-D6703150EA51}.Debug|ARM.ActiveCfg = Debug|Any CPU
		{78A6E310-CE19-4E0A-AD9B-D6703150EA51}.Debug|ARM.Build.0 = Debug|Any CPU
		{78A6E310-CE19-4E0A-AD9B-D6703150EA51}.Debug|ARM64.ActiveCfg = Debug|Any CPU
		{78A6E310-CE19-4E0A-AD9B-D6703150EA51}.Debug|ARM64.Build.0 = Debug|Any CPU
		{78A6E310-CE19-4E0A-AD9B-D6703150EA51}.Debug|x64.ActiveCfg = Debug|Any CPU
		{78A6E310-CE19-4E0A-AD9B-D6703150EA51}.Debug|x64.Build.0 = Debug|Any CPU
		{78A6E310-CE19-4E0A-AD9B-D6703150EA51}.Debug|x86.ActiveCfg = Debug|Any CPU
		{78A6E310-CE19-4E0A-AD9B-D6703150EA51}.Debug|x86.Build.0 = Debug|Any CPU
		{78A6E310-CE19-4E0A-AD9B-D6703150EA51}.Release|Any CPU.ActiveCfg = Release|Any CPU
		{78A6E310-CE19-4E0A-AD9B-D6703150EA51}.Release|Any CPU.Build.0 = Release|Any CPU
		{78A6E310-CE19-4E0A-AD9B-D6703150EA51}.Release|ARM.ActiveCfg = Release|Any CPU
		{78A6E310-CE19-4E0A-AD9B-D6703150EA51}.Release|ARM.Build.0 = Release|Any CPU
		{78A6E310-CE19-4E0A-AD9B-D6703150EA51}.Release|ARM64.ActiveCfg = Release|Any CPU
		{78A6E310-CE19-4E0A-AD9B-D6703150EA51}.Release|ARM64.Build.0 = Release|Any CPU
		{78A6E310-CE19-4E0A-AD9B-D6703150EA51}.Release|x64.ActiveCfg = Release|Any CPU
		{78A6E310-CE19-4E0A-AD9B-D6703150EA51}.Release|x64.Build.0 = Release|Any CPU
		{78A6E310-CE19-4E0A-AD9B-D6703150EA51}.Release|x86.ActiveCfg = Release|Any CPU
		{78A6E310-CE19-4E0A-AD9B-D6703150EA51}.Release|x86.Build.0 = Release|Any CPU
	EndGlobalSection
	GlobalSection(SolutionProperties) = preSolution
		HideSolutionNode = FALSE
	EndGlobalSection
	GlobalSection(NestedProjects) = preSolution
		{09BFD45B-CDA4-4A2E-A401-F1F2BA77F661} = {B1A132A2-1BFA-49F1-B758-BF9E5659DD22}
		{9EF9C15A-FE96-4FCE-B5E0-1C7B64730D83} = {9F188BD6-7C75-4710-A910-9256685D2790}
		{7A2CA5CD-4282-4E5F-B7C2-1DFC36CFFCFF} = {B1A132A2-1BFA-49F1-B758-BF9E5659DD22}
		{77C8F04D-C4F5-4E06-9ADE-A98DA7E07F51} = {B1A132A2-1BFA-49F1-B758-BF9E5659DD22}
		{78A6E310-CE19-4E0A-AD9B-D6703150EA51} = {B1A132A2-1BFA-49F1-B758-BF9E5659DD22}
	EndGlobalSection
	GlobalSection(ExtensibilityGlobals) = postSolution
		SolutionGuid = {B00F5171-DA6E-439A-9E2D-961E68E15551}
	EndGlobalSection
EndGlobal
